// !$*UTF8*$!
{
	archiveVersion = 1;
	classes = {
	};
	objectVersion = 51;
	objects = {

/* Begin PBXBuildFile section */
		364CEA72252CB54F0013BB71 /* AppDelegate.swift in Sources */ = {isa = PBXBuildFile; fileRef = 364CEA71252CB54F0013BB71 /* AppDelegate.swift */; };
		364CEA74252CB54F0013BB71 /* SceneDelegate.swift in Sources */ = {isa = PBXBuildFile; fileRef = 364CEA73252CB54F0013BB71 /* SceneDelegate.swift */; };
		364CEA76252CB54F0013BB71 /* ToDoListViewController.swift in Sources */ = {isa = PBXBuildFile; fileRef = 364CEA75252CB54F0013BB71 /* ToDoListViewController.swift */; };
		364CEA79252CB54F0013BB71 /* Main.storyboard in Resources */ = {isa = PBXBuildFile; fileRef = 364CEA77252CB54F0013BB71 /* Main.storyboard */; };
		364CEA7E252CB5500013BB71 /* LaunchScreen.storyboard in Resources */ = {isa = PBXBuildFile; fileRef = 364CEA7C252CB5500013BB71 /* LaunchScreen.storyboard */; };
		364CEA9A252DABB60013BB71 /* HomeViewController.swift in Sources */ = {isa = PBXBuildFile; fileRef = 364CEA99252DABB60013BB71 /* HomeViewController.swift */; };
		364CEA9E252DB27E0013BB71 /* UIColor+Hex.swift in Sources */ = {isa = PBXBuildFile; fileRef = 364CEA9D252DB27E0013BB71 /* UIColor+Hex.swift */; };
		364CEAA1252DB2880013BB71 /* UIView+CornerRadius.swift in Sources */ = {isa = PBXBuildFile; fileRef = 364CEAA0252DB2880013BB71 /* UIView+CornerRadius.swift */; };
		3669657125388F19005525E9 /* UIView+ColorGradientExtension.swift in Sources */ = {isa = PBXBuildFile; fileRef = 3669657025388F19005525E9 /* UIView+ColorGradientExtension.swift */; };
		3669657525389049005525E9 /* UIView+ColorConstants.swift in Sources */ = {isa = PBXBuildFile; fileRef = 3669657425389049005525E9 /* UIView+ColorConstants.swift */; };
		36698C4D25750A6B0001CB4A /* ForecastSetup.swift in Sources */ = {isa = PBXBuildFile; fileRef = 36698C4C25750A6B0001CB4A /* ForecastSetup.swift */; };
		36698C5025750ACB0001CB4A /* NetworkService.swift in Sources */ = {isa = PBXBuildFile; fileRef = 36698C4F25750ACB0001CB4A /* NetworkService.swift */; };
		366E9C3F2534A35B00C5F2BD /* AddEditTaskViewController.swift in Sources */ = {isa = PBXBuildFile; fileRef = 366E9C3D2534A35B00C5F2BD /* AddEditTaskViewController.swift */; };
		366E9C402534A35B00C5F2BD /* AddEditTaskViewController.xib in Resources */ = {isa = PBXBuildFile; fileRef = 366E9C3E2534A35B00C5F2BD /* AddEditTaskViewController.xib */; };
		366E9C682535ABC700C5F2BD /* Assets.xcassets in Resources */ = {isa = PBXBuildFile; fileRef = 366E9C672535ABC700C5F2BD /* Assets.xcassets */; };
		36D13DC725406DE800A93A55 /* UIButton+extension.swift in Sources */ = {isa = PBXBuildFile; fileRef = 36D13DC625406DE800A93A55 /* UIButton+extension.swift */; };
		48A03A6C04779C5CF9ACFCB5 /* Pods_ToDoListApp.framework in Frameworks */ = {isa = PBXBuildFile; fileRef = 02C4364A1CBFA38370B56974 /* Pods_ToDoListApp.framework */; };
		528400882577C1DD006EEEBD /* CoreLocation.framework in Frameworks */ = {isa = PBXBuildFile; fileRef = 528400872577C1DD006EEEBD /* CoreLocation.framework */; };
		5288BBE3259220D500F8F1D3 /* ChuckNorrisSetup.swift in Sources */ = {isa = PBXBuildFile; fileRef = 5288BBE2259220D500F8F1D3 /* ChuckNorrisSetup.swift */; };
		5288BBE72592224900F8F1D3 /* QuotesNetworkService.swift in Sources */ = {isa = PBXBuildFile; fileRef = 5288BBE62592224900F8F1D3 /* QuotesNetworkService.swift */; };
		529F08E1257E69130053882B /* CompletedTasksViewController.swift in Sources */ = {isa = PBXBuildFile; fileRef = 529F08E0257E69130053882B /* CompletedTasksViewController.swift */; };
/* End PBXBuildFile section */

/* Begin PBXFileReference section */
		02C4364A1CBFA38370B56974 /* Pods_ToDoListApp.framework */ = {isa = PBXFileReference; explicitFileType = wrapper.framework; includeInIndex = 0; path = Pods_ToDoListApp.framework; sourceTree = BUILT_PRODUCTS_DIR; };
		364CEA6E252CB54F0013BB71 /* ToDoListApp.app */ = {isa = PBXFileReference; explicitFileType = wrapper.application; includeInIndex = 0; path = ToDoListApp.app; sourceTree = BUILT_PRODUCTS_DIR; };
		364CEA71252CB54F0013BB71 /* AppDelegate.swift */ = {isa = PBXFileReference; lastKnownFileType = sourcecode.swift; path = AppDelegate.swift; sourceTree = "<group>"; };
		364CEA73252CB54F0013BB71 /* SceneDelegate.swift */ = {isa = PBXFileReference; lastKnownFileType = sourcecode.swift; path = SceneDelegate.swift; sourceTree = "<group>"; };
		364CEA75252CB54F0013BB71 /* ToDoListViewController.swift */ = {isa = PBXFileReference; lastKnownFileType = sourcecode.swift; path = ToDoListViewController.swift; sourceTree = "<group>"; };
		364CEA78252CB54F0013BB71 /* Base */ = {isa = PBXFileReference; lastKnownFileType = file.storyboard; name = Base; path = Base.lproj/Main.storyboard; sourceTree = "<group>"; };
		364CEA7D252CB5500013BB71 /* Base */ = {isa = PBXFileReference; lastKnownFileType = file.storyboard; name = Base; path = Base.lproj/LaunchScreen.storyboard; sourceTree = "<group>"; };
		364CEA7F252CB5500013BB71 /* Info.plist */ = {isa = PBXFileReference; lastKnownFileType = text.plist.xml; path = Info.plist; sourceTree = "<group>"; };
		364CEA99252DABB60013BB71 /* HomeViewController.swift */ = {isa = PBXFileReference; lastKnownFileType = sourcecode.swift; path = HomeViewController.swift; sourceTree = "<group>"; };
		364CEA9D252DB27E0013BB71 /* UIColor+Hex.swift */ = {isa = PBXFileReference; fileEncoding = 4; lastKnownFileType = sourcecode.swift; path = "UIColor+Hex.swift"; sourceTree = "<group>"; };
		364CEAA0252DB2880013BB71 /* UIView+CornerRadius.swift */ = {isa = PBXFileReference; fileEncoding = 4; lastKnownFileType = sourcecode.swift; path = "UIView+CornerRadius.swift"; sourceTree = "<group>"; };
		3669657025388F19005525E9 /* UIView+ColorGradientExtension.swift */ = {isa = PBXFileReference; lastKnownFileType = sourcecode.swift; path = "UIView+ColorGradientExtension.swift"; sourceTree = "<group>"; };
		3669657425389049005525E9 /* UIView+ColorConstants.swift */ = {isa = PBXFileReference; lastKnownFileType = sourcecode.swift; path = "UIView+ColorConstants.swift"; sourceTree = "<group>"; };
		36698C4C25750A6B0001CB4A /* ForecastSetup.swift */ = {isa = PBXFileReference; lastKnownFileType = sourcecode.swift; path = ForecastSetup.swift; sourceTree = "<group>"; };
		36698C4F25750ACB0001CB4A /* NetworkService.swift */ = {isa = PBXFileReference; lastKnownFileType = sourcecode.swift; path = NetworkService.swift; sourceTree = "<group>"; };
		366E9C3D2534A35B00C5F2BD /* AddEditTaskViewController.swift */ = {isa = PBXFileReference; lastKnownFileType = sourcecode.swift; path = AddEditTaskViewController.swift; sourceTree = "<group>"; };
		366E9C3E2534A35B00C5F2BD /* AddEditTaskViewController.xib */ = {isa = PBXFileReference; lastKnownFileType = file.xib; path = AddEditTaskViewController.xib; sourceTree = "<group>"; };
		366E9C672535ABC700C5F2BD /* Assets.xcassets */ = {isa = PBXFileReference; lastKnownFileType = folder.assetcatalog; path = Assets.xcassets; sourceTree = "<group>"; };
		36D13DC625406DE800A93A55 /* UIButton+extension.swift */ = {isa = PBXFileReference; lastKnownFileType = sourcecode.swift; path = "UIButton+extension.swift"; sourceTree = "<group>"; };
		528400872577C1DD006EEEBD /* CoreLocation.framework */ = {isa = PBXFileReference; lastKnownFileType = wrapper.framework; name = CoreLocation.framework; path = System/Library/Frameworks/CoreLocation.framework; sourceTree = SDKROOT; };
		5288BBE2259220D500F8F1D3 /* ChuckNorrisSetup.swift */ = {isa = PBXFileReference; lastKnownFileType = sourcecode.swift; path = ChuckNorrisSetup.swift; sourceTree = "<group>"; };
		5288BBE62592224900F8F1D3 /* QuotesNetworkService.swift */ = {isa = PBXFileReference; lastKnownFileType = sourcecode.swift; path = QuotesNetworkService.swift; sourceTree = "<group>"; };
		529F08E0257E69130053882B /* CompletedTasksViewController.swift */ = {isa = PBXFileReference; lastKnownFileType = sourcecode.swift; path = CompletedTasksViewController.swift; sourceTree = "<group>"; };
		8F01FADA0C9C07A4D9A32325 /* Pods-ToDoListApp.debug.xcconfig */ = {isa = PBXFileReference; includeInIndex = 1; lastKnownFileType = text.xcconfig; name = "Pods-ToDoListApp.debug.xcconfig"; path = "Pods/Target Support Files/Pods-ToDoListApp/Pods-ToDoListApp.debug.xcconfig"; sourceTree = "<group>"; };
		97465762D8CDC372B177CE09 /* Pods-ToDoListApp.release.xcconfig */ = {isa = PBXFileReference; includeInIndex = 1; lastKnownFileType = text.xcconfig; name = "Pods-ToDoListApp.release.xcconfig"; path = "Pods/Target Support Files/Pods-ToDoListApp/Pods-ToDoListApp.release.xcconfig"; sourceTree = "<group>"; };
/* End PBXFileReference section */

/* Begin PBXFrameworksBuildPhase section */
		364CEA6B252CB54F0013BB71 /* Frameworks */ = {
			isa = PBXFrameworksBuildPhase;
			buildActionMask = 2147483647;
			files = (
				528400882577C1DD006EEEBD /* CoreLocation.framework in Frameworks */,
				48A03A6C04779C5CF9ACFCB5 /* Pods_ToDoListApp.framework in Frameworks */,
			);
			runOnlyForDeploymentPostprocessing = 0;
		};
/* End PBXFrameworksBuildPhase section */

/* Begin PBXGroup section */
		17B58B38227D37E76EA47426 /* Pods */ = {
			isa = PBXGroup;
			children = (
				8F01FADA0C9C07A4D9A32325 /* Pods-ToDoListApp.debug.xcconfig */,
				97465762D8CDC372B177CE09 /* Pods-ToDoListApp.release.xcconfig */,
			);
			name = Pods;
			sourceTree = "<group>";
		};
		364CEA65252CB54F0013BB71 = {
			isa = PBXGroup;
			children = (
				364CEA70252CB54F0013BB71 /* ToDoListApp */,
				364CEA6F252CB54F0013BB71 /* Products */,
				17B58B38227D37E76EA47426 /* Pods */,
				5FDD686CA41FCB8E3EC57E67 /* Frameworks */,
			);
			sourceTree = "<group>";
		};
		364CEA6F252CB54F0013BB71 /* Products */ = {
			isa = PBXGroup;
			children = (
				364CEA6E252CB54F0013BB71 /* ToDoListApp.app */,
			);
			name = Products;
			sourceTree = "<group>";
		};
		364CEA70252CB54F0013BB71 /* ToDoListApp */ = {
			isa = PBXGroup;
			children = (
				36698C4A257509920001CB4A /* WeatherQuotesAPISettings */,
				366965792538AA1D005525E9 /* View Controllers */,
				364CEA77252CB54F0013BB71 /* Main.storyboard */,
				366E9C3E2534A35B00C5F2BD /* AddEditTaskViewController.xib */,
				364CEA71252CB54F0013BB71 /* AppDelegate.swift */,
				364CEA73252CB54F0013BB71 /* SceneDelegate.swift */,
				364CEA7C252CB5500013BB71 /* LaunchScreen.storyboard */,
				364CEA7F252CB5500013BB71 /* Info.plist */,
				366E9C672535ABC700C5F2BD /* Assets.xcassets */,
				3669657A2538AA62005525E9 /* Extensions */,
			);
			path = ToDoListApp;
			sourceTree = "<group>";
		};
		366965792538AA1D005525E9 /* View Controllers */ = {
			isa = PBXGroup;
			children = (
				364CEA99252DABB60013BB71 /* HomeViewController.swift */,
				364CEA75252CB54F0013BB71 /* ToDoListViewController.swift */,
				366E9C3D2534A35B00C5F2BD /* AddEditTaskViewController.swift */,
				529F08E0257E69130053882B /* CompletedTasksViewController.swift */,
			);
			path = "View Controllers";
			sourceTree = "<group>";
		};
		3669657A2538AA62005525E9 /* Extensions */ = {
			isa = PBXGroup;
			children = (
				36D13DC625406DE800A93A55 /* UIButton+extension.swift */,
				364CEAA0252DB2880013BB71 /* UIView+CornerRadius.swift */,
				3669657025388F19005525E9 /* UIView+ColorGradientExtension.swift */,
				3669657425389049005525E9 /* UIView+ColorConstants.swift */,
				364CEA9D252DB27E0013BB71 /* UIColor+Hex.swift */,
			);
			path = Extensions;
			sourceTree = "<group>";
		};
		36698C4A257509920001CB4A /* WeatherQuotesAPISettings */ = {
			isa = PBXGroup;
			children = (
				36698C4C25750A6B0001CB4A /* ForecastSetup.swift */,
				36698C4F25750ACB0001CB4A /* NetworkService.swift */,
				5288BBE2259220D500F8F1D3 /* ChuckNorrisSetup.swift */,
				5288BBE62592224900F8F1D3 /* QuotesNetworkService.swift */,
			);
			path = WeatherQuotesAPISettings;
			sourceTree = "<group>";
		};
		5FDD686CA41FCB8E3EC57E67 /* Frameworks */ = {
			isa = PBXGroup;
			children = (
				528400872577C1DD006EEEBD /* CoreLocation.framework */,
				02C4364A1CBFA38370B56974 /* Pods_ToDoListApp.framework */,
			);
			name = Frameworks;
			sourceTree = "<group>";
		};
/* End PBXGroup section */

/* Begin PBXNativeTarget section */
		364CEA6D252CB54F0013BB71 /* ToDoListApp */ = {
			isa = PBXNativeTarget;
			buildConfigurationList = 364CEA82252CB5500013BB71 /* Build configuration list for PBXNativeTarget "ToDoListApp" */;
			buildPhases = (
				B1FE8CF1C44B13FDBDCAD19B /* [CP] Check Pods Manifest.lock */,
				364CEA6A252CB54F0013BB71 /* Sources */,
				364CEA6B252CB54F0013BB71 /* Frameworks */,
				364CEA6C252CB54F0013BB71 /* Resources */,
				D7D6063CD27ED48AE8B10089 /* [CP] Embed Pods Frameworks */,
			);
			buildRules = (
			);
			dependencies = (
			);
			name = ToDoListApp;
			productName = ToDoListApp;
			productReference = 364CEA6E252CB54F0013BB71 /* ToDoListApp.app */;
			productType = "com.apple.product-type.application";
		};
/* End PBXNativeTarget section */

/* Begin PBXProject section */
		364CEA66252CB54F0013BB71 /* Project object */ = {
			isa = PBXProject;
			attributes = {
				LastSwiftUpdateCheck = 1200;
				LastUpgradeCheck = 1200;
				TargetAttributes = {
					364CEA6D252CB54F0013BB71 = {
						CreatedOnToolsVersion = 12.0;
					};
				};
			};
			buildConfigurationList = 364CEA69252CB54F0013BB71 /* Build configuration list for PBXProject "ToDoListApp" */;
			compatibilityVersion = "Xcode 9.3";
			developmentRegion = en;
			hasScannedForEncodings = 0;
			knownRegions = (
				en,
				Base,
			);
			mainGroup = 364CEA65252CB54F0013BB71;
			productRefGroup = 364CEA6F252CB54F0013BB71 /* Products */;
			projectDirPath = "";
			projectRoot = "";
			targets = (
				364CEA6D252CB54F0013BB71 /* ToDoListApp */,
			);
		};
/* End PBXProject section */

/* Begin PBXResourcesBuildPhase section */
		364CEA6C252CB54F0013BB71 /* Resources */ = {
			isa = PBXResourcesBuildPhase;
			buildActionMask = 2147483647;
			files = (
				364CEA7E252CB5500013BB71 /* LaunchScreen.storyboard in Resources */,
				366E9C402534A35B00C5F2BD /* AddEditTaskViewController.xib in Resources */,
				366E9C682535ABC700C5F2BD /* Assets.xcassets in Resources */,
				364CEA79252CB54F0013BB71 /* Main.storyboard in Resources */,
			);
			runOnlyForDeploymentPostprocessing = 0;
		};
/* End PBXResourcesBuildPhase section */

/* Begin PBXShellScriptBuildPhase section */
		B1FE8CF1C44B13FDBDCAD19B /* [CP] Check Pods Manifest.lock */ = {
			isa = PBXShellScriptBuildPhase;
			buildActionMask = 2147483647;
			files = (
			);
			inputPaths = (
				"${PODS_PODFILE_DIR_PATH}/Podfile.lock",
				"${PODS_ROOT}/Manifest.lock",
			);
			name = "[CP] Check Pods Manifest.lock";
			outputPaths = (
				"$(DERIVED_FILE_DIR)/Pods-ToDoListApp-checkManifestLockResult.txt",
			);
			runOnlyForDeploymentPostprocessing = 0;
			shellPath = /bin/sh;
			shellScript = "diff \"${PODS_PODFILE_DIR_PATH}/Podfile.lock\" \"${PODS_ROOT}/Manifest.lock\" > /dev/null\nif [ $? != 0 ] ; then\n    # print error to STDERR\n    echo \"error: The sandbox is not in sync with the Podfile.lock. Run 'pod install' or update your CocoaPods installation.\" >&2\n    exit 1\nfi\n# This output is used by Xcode 'outputs' to avoid re-running this script phase.\necho \"SUCCESS\" > \"${SCRIPT_OUTPUT_FILE_0}\"\n";
			showEnvVarsInLog = 0;
		};
		D7D6063CD27ED48AE8B10089 /* [CP] Embed Pods Frameworks */ = {
			isa = PBXShellScriptBuildPhase;
			buildActionMask = 2147483647;
			files = (
			);
			inputFileListPaths = (
				"${PODS_ROOT}/Target Support Files/Pods-ToDoListApp/Pods-ToDoListApp-frameworks-${CONFIGURATION}-input-files.xcfilelist",
			);
			name = "[CP] Embed Pods Frameworks";
			outputFileListPaths = (
				"${PODS_ROOT}/Target Support Files/Pods-ToDoListApp/Pods-ToDoListApp-frameworks-${CONFIGURATION}-output-files.xcfilelist",
			);
			runOnlyForDeploymentPostprocessing = 0;
			shellPath = /bin/sh;
			shellScript = "\"${PODS_ROOT}/Target Support Files/Pods-ToDoListApp/Pods-ToDoListApp-frameworks.sh\"\n";
			showEnvVarsInLog = 0;
		};
/* End PBXShellScriptBuildPhase section */

/* Begin PBXSourcesBuildPhase section */
		364CEA6A252CB54F0013BB71 /* Sources */ = {
			isa = PBXSourcesBuildPhase;
			buildActionMask = 2147483647;
			files = (
				529F08E1257E69130053882B /* CompletedTasksViewController.swift in Sources */,
				364CEA9E252DB27E0013BB71 /* UIColor+Hex.swift in Sources */,
				364CEA76252CB54F0013BB71 /* ToDoListViewController.swift in Sources */,
				5288BBE72592224900F8F1D3 /* QuotesNetworkService.swift in Sources */,
				364CEA72252CB54F0013BB71 /* AppDelegate.swift in Sources */,
				364CEA74252CB54F0013BB71 /* SceneDelegate.swift in Sources */,
				3669657125388F19005525E9 /* UIView+ColorGradientExtension.swift in Sources */,
				366E9C3F2534A35B00C5F2BD /* AddEditTaskViewController.swift in Sources */,
				364CEAA1252DB2880013BB71 /* UIView+CornerRadius.swift in Sources */,
				36698C4D25750A6B0001CB4A /* ForecastSetup.swift in Sources */,
				3669657525389049005525E9 /* UIView+ColorConstants.swift in Sources */,
				364CEA9A252DABB60013BB71 /* HomeViewController.swift in Sources */,
				5288BBE3259220D500F8F1D3 /* ChuckNorrisSetup.swift in Sources */,
				36698C5025750ACB0001CB4A /* NetworkService.swift in Sources */,
				36D13DC725406DE800A93A55 /* UIButton+extension.swift in Sources */,
			);
			runOnlyForDeploymentPostprocessing = 0;
		};
/* End PBXSourcesBuildPhase section */

/* Begin PBXVariantGroup section */
		364CEA77252CB54F0013BB71 /* Main.storyboard */ = {
			isa = PBXVariantGroup;
			children = (
				364CEA78252CB54F0013BB71 /* Base */,
			);
			name = Main.storyboard;
			sourceTree = "<group>";
		};
		364CEA7C252CB5500013BB71 /* LaunchScreen.storyboard */ = {
			isa = PBXVariantGroup;
			children = (
				364CEA7D252CB5500013BB71 /* Base */,
			);
			name = LaunchScreen.storyboard;
			sourceTree = "<group>";
		};
/* End PBXVariantGroup section */

/* Begin XCBuildConfiguration section */
		364CEA80252CB5500013BB71 /* Debug */ = {
			isa = XCBuildConfiguration;
			buildSettings = {
				ALWAYS_SEARCH_USER_PATHS = NO;
				CLANG_ANALYZER_NONNULL = YES;
				CLANG_ANALYZER_NUMBER_OBJECT_CONVERSION = YES_AGGRESSIVE;
				CLANG_CXX_LANGUAGE_STANDARD = "gnu++14";
				CLANG_CXX_LIBRARY = "libc++";
				CLANG_ENABLE_MODULES = YES;
				CLANG_ENABLE_OBJC_ARC = YES;
				CLANG_ENABLE_OBJC_WEAK = YES;
				CLANG_WARN_BLOCK_CAPTURE_AUTORELEASING = YES;
				CLANG_WARN_BOOL_CONVERSION = YES;
				CLANG_WARN_COMMA = YES;
				CLANG_WARN_CONSTANT_CONVERSION = YES;
				CLANG_WARN_DEPRECATED_OBJC_IMPLEMENTATIONS = YES;
				CLANG_WARN_DIRECT_OBJC_ISA_USAGE = YES_ERROR;
				CLANG_WARN_DOCUMENTATION_COMMENTS = YES;
				CLANG_WARN_EMPTY_BODY = YES;
				CLANG_WARN_ENUM_CONVERSION = YES;
				CLANG_WARN_INFINITE_RECURSION = YES;
				CLANG_WARN_INT_CONVERSION = YES;
				CLANG_WARN_NON_LITERAL_NULL_CONVERSION = YES;
				CLANG_WARN_OBJC_IMPLICIT_RETAIN_SELF = YES;
				CLANG_WARN_OBJC_LITERAL_CONVERSION = YES;
				CLANG_WARN_OBJC_ROOT_CLASS = YES_ERROR;
				CLANG_WARN_QUOTED_INCLUDE_IN_FRAMEWORK_HEADER = YES;
				CLANG_WARN_RANGE_LOOP_ANALYSIS = YES;
				CLANG_WARN_STRICT_PROTOTYPES = YES;
				CLANG_WARN_SUSPICIOUS_MOVE = YES;
				CLANG_WARN_UNGUARDED_AVAILABILITY = YES_AGGRESSIVE;
				CLANG_WARN_UNREACHABLE_CODE = YES;
				CLANG_WARN__DUPLICATE_METHOD_MATCH = YES;
				COPY_PHASE_STRIP = NO;
				DEBUG_INFORMATION_FORMAT = dwarf;
				ENABLE_STRICT_OBJC_MSGSEND = YES;
				ENABLE_TESTABILITY = YES;
				GCC_C_LANGUAGE_STANDARD = gnu11;
				GCC_DYNAMIC_NO_PIC = NO;
				GCC_NO_COMMON_BLOCKS = YES;
				GCC_OPTIMIZATION_LEVEL = 0;
				GCC_PREPROCESSOR_DEFINITIONS = (
					"DEBUG=1",
					"$(inherited)",
				);
				GCC_WARN_64_TO_32_BIT_CONVERSION = YES;
				GCC_WARN_ABOUT_RETURN_TYPE = YES_ERROR;
				GCC_WARN_UNDECLARED_SELECTOR = YES;
				GCC_WARN_UNINITIALIZED_AUTOS = YES_AGGRESSIVE;
				GCC_WARN_UNUSED_FUNCTION = YES;
				GCC_WARN_UNUSED_VARIABLE = YES;
				IPHONEOS_DEPLOYMENT_TARGET = 14.0;
				MTL_ENABLE_DEBUG_INFO = INCLUDE_SOURCE;
				MTL_FAST_MATH = YES;
				ONLY_ACTIVE_ARCH = YES;
				SDKROOT = iphoneos;
				SWIFT_ACTIVE_COMPILATION_CONDITIONS = DEBUG;
				SWIFT_OPTIMIZATION_LEVEL = "-Onone";
			};
			name = Debug;
		};
		364CEA81252CB5500013BB71 /* Release */ = {
			isa = XCBuildConfiguration;
			buildSettings = {
				ALWAYS_SEARCH_USER_PATHS = NO;
				CLANG_ANALYZER_NONNULL = YES;
				CLANG_ANALYZER_NUMBER_OBJECT_CONVERSION = YES_AGGRESSIVE;
				CLANG_CXX_LANGUAGE_STANDARD = "gnu++14";
				CLANG_CXX_LIBRARY = "libc++";
				CLANG_ENABLE_MODULES = YES;
				CLANG_ENABLE_OBJC_ARC = YES;
				CLANG_ENABLE_OBJC_WEAK = YES;
				CLANG_WARN_BLOCK_CAPTURE_AUTORELEASING = YES;
				CLANG_WARN_BOOL_CONVERSION = YES;
				CLANG_WARN_COMMA = YES;
				CLANG_WARN_CONSTANT_CONVERSION = YES;
				CLANG_WARN_DEPRECATED_OBJC_IMPLEMENTATIONS = YES;
				CLANG_WARN_DIRECT_OBJC_ISA_USAGE = YES_ERROR;
				CLANG_WARN_DOCUMENTATION_COMMENTS = YES;
				CLANG_WARN_EMPTY_BODY = YES;
				CLANG_WARN_ENUM_CONVERSION = YES;
				CLANG_WARN_INFINITE_RECURSION = YES;
				CLANG_WARN_INT_CONVERSION = YES;
				CLANG_WARN_NON_LITERAL_NULL_CONVERSION = YES;
				CLANG_WARN_OBJC_IMPLICIT_RETAIN_SELF = YES;
				CLANG_WARN_OBJC_LITERAL_CONVERSION = YES;
				CLANG_WARN_OBJC_ROOT_CLASS = YES_ERROR;
				CLANG_WARN_QUOTED_INCLUDE_IN_FRAMEWORK_HEADER = YES;
				CLANG_WARN_RANGE_LOOP_ANALYSIS = YES;
				CLANG_WARN_STRICT_PROTOTYPES = YES;
				CLANG_WARN_SUSPICIOUS_MOVE = YES;
				CLANG_WARN_UNGUARDED_AVAILABILITY = YES_AGGRESSIVE;
				CLANG_WARN_UNREACHABLE_CODE = YES;
				CLANG_WARN__DUPLICATE_METHOD_MATCH = YES;
				COPY_PHASE_STRIP = NO;
				DEBUG_INFORMATION_FORMAT = "dwarf-with-dsym";
				ENABLE_NS_ASSERTIONS = NO;
				ENABLE_STRICT_OBJC_MSGSEND = YES;
				GCC_C_LANGUAGE_STANDARD = gnu11;
				GCC_NO_COMMON_BLOCKS = YES;
				GCC_WARN_64_TO_32_BIT_CONVERSION = YES;
				GCC_WARN_ABOUT_RETURN_TYPE = YES_ERROR;
				GCC_WARN_UNDECLARED_SELECTOR = YES;
				GCC_WARN_UNINITIALIZED_AUTOS = YES_AGGRESSIVE;
				GCC_WARN_UNUSED_FUNCTION = YES;
				GCC_WARN_UNUSED_VARIABLE = YES;
				IPHONEOS_DEPLOYMENT_TARGET = 14.0;
				MTL_ENABLE_DEBUG_INFO = NO;
				MTL_FAST_MATH = YES;
				SDKROOT = iphoneos;
				SWIFT_COMPILATION_MODE = wholemodule;
				SWIFT_OPTIMIZATION_LEVEL = "-O";
				VALIDATE_PRODUCT = YES;
			};
			name = Release;
		};
		364CEA83252CB5500013BB71 /* Debug */ = {
			isa = XCBuildConfiguration;
			baseConfigurationReference = 8F01FADA0C9C07A4D9A32325 /* Pods-ToDoListApp.debug.xcconfig */;
			buildSettings = {
				ASSETCATALOG_COMPILER_APPICON_NAME = AppIcon;
				ASSETCATALOG_COMPILER_GLOBAL_ACCENT_COLOR_NAME = AccentColor;
				CODE_SIGN_STYLE = Automatic;
				DEVELOPMENT_TEAM = 75KXUQW43H;
				INFOPLIST_FILE = ToDoListApp/Info.plist;
				LD_RUNPATH_SEARCH_PATHS = (
					"$(inherited)",
					"@executable_path/Frameworks",
				);
				PRODUCT_BUNDLE_IDENTIFIER = com.Viktor.ToDoListApp;
				PRODUCT_NAME = "$(TARGET_NAME)";
				SWIFT_VERSION = 5.0;
				TARGETED_DEVICE_FAMILY = "1,2";
			};
			name = Debug;
		};
		364CEA84252CB5500013BB71 /* Release */ = {
			isa = XCBuildConfiguration;
			baseConfigurationReference = 97465762D8CDC372B177CE09 /* Pods-ToDoListApp.release.xcconfig */;
			buildSettings = {
				ASSETCATALOG_COMPILER_APPICON_NAME = AppIcon;
				ASSETCATALOG_COMPILER_GLOBAL_ACCENT_COLOR_NAME = AccentColor;
				CODE_SIGN_STYLE = Automatic;
				DEVELOPMENT_TEAM = 75KXUQW43H;
				INFOPLIST_FILE = ToDoListApp/Info.plist;
				LD_RUNPATH_SEARCH_PATHS = (
					"$(inherited)",
					"@executable_path/Frameworks",
				);
				PRODUCT_BUNDLE_IDENTIFIER = com.Viktor.ToDoListApp;
				PRODUCT_NAME = "$(TARGET_NAME)";
				SWIFT_VERSION = 5.0;
				TARGETED_DEVICE_FAMILY = "1,2";
			};
			name = Release;
		};
/* End XCBuildConfiguration section */

/* Begin XCConfigurationList section */
		364CEA69252CB54F0013BB71 /* Build configuration list for PBXProject "ToDoListApp" */ = {
			isa = XCConfigurationList;
			buildConfigurations = (
				364CEA80252CB5500013BB71 /* Debug */,
				364CEA81252CB5500013BB71 /* Release */,
			);
			defaultConfigurationIsVisible = 0;
			defaultConfigurationName = Release;
		};
		364CEA82252CB5500013BB71 /* Build configuration list for PBXNativeTarget "ToDoListApp" */ = {
			isa = XCConfigurationList;
			buildConfigurations = (
				364CEA83252CB5500013BB71 /* Debug */,
				364CEA84252CB5500013BB71 /* Release */,
			);
			defaultConfigurationIsVisible = 0;
			defaultConfigurationName = Release;
		};
/* End XCConfigurationList section */
	};
	rootObject = 364CEA66252CB54F0013BB71 /* Project object */;
}
